
Microsoft Visual Studio Solution File, Format Version 12.00
# Visual Studio 15
VisualStudioVersion = 15.0.27130.2020
MinimumVisualStudioVersion = 10.0.40219.1
Project("{FAE04EC0-301F-11D3-BF4B-00C04F79EFBC}") = "WindowsFormsApp1", "WindowsFormsApp1\WindowsFormsApp1.csproj", "{7F70E6F9-6A96-4608-AC6F-E5ACC7CE7679}"
EndProject
Global
	GlobalSection(SolutionConfigurationPlatforms) = preSolution
		Debug|Any CPU = Debug|Any CPU
		Release|Any CPU = Release|Any CPU
	EndGlobalSection
	GlobalSection(ProjectConfigurationPlatforms) = postSolution
		{7F70E6F9-6A96-4608-AC6F-E5ACC7CE7679}.Debug|Any CPU.ActiveCfg = Debug|Any CPU
		{7F70E6F9-6A96-4608-AC6F-E5ACC7CE7679}.Debug|Any CPU.Build.0 = Debug|Any CPU
		{7F70E6F9-6A96-4608-AC6F-E5ACC7CE7679}.Release|Any CPU.ActiveCfg = Release|Any CPU
		{7F70E6F9-6A96-4608-AC6F-E5ACC7CE7679}.Release|Any CPU.Build.0 = Release|Any CPU
	EndGlobalSection
	GlobalSection(SolutionProperties) = preSolution
		HideSolutionNode = FALSE
	EndGlobalSection
	GlobalSection(ExtensibilityGlobals) = postSolution
		SolutionGuid = {B9BEB04E-947B-42C0-814B-6BD9841C88BF}
	EndGlobalSection
EndGlobal
